Microsoft Visual Studio Solution File, Format Version 12.00
# Visual Studio Version 17
VisualStudioVersion = 17.5.2.0
MinimumVisualStudioVersion = 10.0.40219.1
Project("{FAE04EC0-301F-11D3-BF4B-00C04F79EFBC}") = "Aula 1", "Aula 1.csproj", "{0DF2D2DA-1290-CB30-81F0-7987398AA6BC}"
EndProject
Global
	GlobalSection(SolutionConfigurationPlatforms) = preSolution
		Debug|Any CPU = Debug|Any CPU
		Release|Any CPU = Release|Any CPU
	EndGlobalSection
	GlobalSection(ProjectConfigurationPlatforms) = postSolution
		{0DF2D2DA-1290-CB30-81F0-7987398AA6BC}.Debug|Any CPU.ActiveCfg = Debug|Any CPU
		{0DF2D2DA-1290-CB30-81F0-7987398AA6BC}.Debug|Any CPU.Build.0 = Debug|Any CPU
		{0DF2D2DA-1290-CB30-81F0-7987398AA6BC}.Release|Any CPU.ActiveCfg = Release|Any CPU
		{0DF2D2DA-1290-CB30-81F0-7987398AA6BC}.Release|Any CPU.Build.0 = Release|Any CPU
	EndGlobalSection
	GlobalSection(SolutionProperties) = preSolution
		HideSolutionNode = FALSE
	EndGlobalSection
	GlobalSection(ExtensibilityGlobals) = postSolution
		SolutionGuid = {87920803-7E23-47BB-9430-07BC053515A2}
	EndGlobalSection
EndGlobal
