Microsoft Visual Studio Solution File, Format Version 12.00
# Visual Studio Version 17
VisualStudioVersion = 17.8.34525.116
MinimumVisualStudioVersion = 10.0.40219.1
Project("{FAE04EC0-301F-11D3-BF4B-00C04F79EFBC}") = "ITB.API", "ITB.API\ITB.API.csproj", "{B0CC6D91-4465-4830-9360-E939DCBF7276}"
EndProject
Project("{2150E333-8FDC-42A3-9474-1A3956D46DE8}") = "1 - API", "1 - API", "{C727630F-87F1-47DC-A0BC-F778DD3964DF}"
EndProject
Project("{2150E333-8FDC-42A3-9474-1A3956D46DE8}") = "2 - Application", "2 - Application", "{0FDDE1B0-2F88-4C95-AF0C-CD250174DF43}"
EndProject
Project("{2150E333-8FDC-42A3-9474-1A3956D46DE8}") = "3 - Domain", "3 - Domain", "{B778CC52-4F3F-40C0-B74F-09EE98F96A2B}"
EndProject
Project("{FAE04EC0-301F-11D3-BF4B-00C04F79EFBC}") = "ITB.Domain", "ITB.Domain\ITB.Domain.csproj", "{7FA2B37F-30B5-4221-AE6E-72AB7E1B0EB3}"
EndProject
Project("{2150E333-8FDC-42A3-9474-1A3956D46DE8}") = "4 - Infrastructure", "4 - Infrastructure", "{0A7D3C24-29DB-464C-8961-234AC7C56125}"
EndProject
Project("{FAE04EC0-301F-11D3-BF4B-00C04F79EFBC}") = "ITB.Infrastructure", "ITB.Infrastructure\ITB.Infrastructure.csproj", "{F230AFC5-5586-47CE-ACFD-AFEE8B6196EC}"
EndProject
Project("{FAE04EC0-301F-11D3-BF4B-00C04F79EFBC}") = "ITB.Application", "ITB.Application\ITB.Application.csproj", "{C54AAF5D-B3EC-4269-8BC7-713279EE2B60}"
EndProject
Project("{2150E333-8FDC-42A3-9474-1A3956D46DE8}") = "5 - CrossCutting", "5 - CrossCutting", "{A08EFF68-0453-4925-B802-1B53922596D2}"
EndProject
Project("{FAE04EC0-301F-11D3-BF4B-00C04F79EFBC}") = "ITB.CrossCutting", "ITB.CrossCutting\ITB.CrossCutting.csproj", "{5BDE91DD-F5A1-4252-A931-E8D99D4D0CA8}"
EndProject
Project("{2150E333-8FDC-42A3-9474-1A3956D46DE8}") = "6 - IoC", "6 - IoC", "{5C844057-750D-58EF-7516-A890DBEA9507}"
EndProject
Project("{FAE04EC0-301F-11D3-BF4B-00C04F79EFBC}") = "ITB.IoC", "ITB.IoC\ITB.IoC.csproj", "{ADFBB439-334C-4E54-BDCE-925012FD20A7}"
EndProject
Global
	GlobalSection(SolutionConfigurationPlatforms) = preSolution
		Debug|Any CPU = Debug|Any CPU
		Release|Any CPU = Release|Any CPU
	EndGlobalSection
	GlobalSection(ProjectConfigurationPlatforms) = postSolution
		{B0CC6D91-4465-4830-9360-E939DCBF7276}.Debug|Any CPU.ActiveCfg = Debug|Any CPU
		{B0CC6D91-4465-4830-9360-E939DCBF7276}.Debug|Any CPU.Build.0 = Debug|Any CPU
		{B0CC6D91-4465-4830-9360-E939DCBF7276}.Release|Any CPU.ActiveCfg = Release|Any CPU
		{B0CC6D91-4465-4830-9360-E939DCBF7276}.Release|Any CPU.Build.0 = Release|Any CPU
		{7FA2B37F-30B5-4221-AE6E-72AB7E1B0EB3}.Debug|Any CPU.ActiveCfg = Debug|Any CPU
		{7FA2B37F-30B5-4221-AE6E-72AB7E1B0EB3}.Debug|Any CPU.Build.0 = Debug|Any CPU
		{7FA2B37F-30B5-4221-AE6E-72AB7E1B0EB3}.Release|Any CPU.ActiveCfg = Release|Any CPU
		{7FA2B37F-30B5-4221-AE6E-72AB7E1B0EB3}.Release|Any CPU.Build.0 = Release|Any CPU
		{F230AFC5-5586-47CE-ACFD-AFEE8B6196EC}.Debug|Any CPU.ActiveCfg = Debug|Any CPU
		{F230AFC5-5586-47CE-ACFD-AFEE8B6196EC}.Debug|Any CPU.Build.0 = Debug|Any CPU
		{F230AFC5-5586-47CE-ACFD-AFEE8B6196EC}.Release|Any CPU.ActiveCfg = Release|Any CPU
		{F230AFC5-5586-47CE-ACFD-AFEE8B6196EC}.Release|Any CPU.Build.0 = Release|Any CPU
		{C54AAF5D-B3EC-4269-8BC7-713279EE2B60}.Debug|Any CPU.ActiveCfg = Debug|Any CPU
		{C54AAF5D-B3EC-4269-8BC7-713279EE2B60}.Debug|Any CPU.Build.0 = Debug|Any CPU
		{C54AAF5D-B3EC-4269-8BC7-713279EE2B60}.Release|Any CPU.ActiveCfg = Release|Any CPU
		{C54AAF5D-B3EC-4269-8BC7-713279EE2B60}.Release|Any CPU.Build.0 = Release|Any CPU
		{5BDE91DD-F5A1-4252-A931-E8D99D4D0CA8}.Debug|Any CPU.ActiveCfg = Debug|Any CPU
		{5BDE91DD-F5A1-4252-A931-E8D99D4D0CA8}.Debug|Any CPU.Build.0 = Debug|Any CPU
		{5BDE91DD-F5A1-4252-A931-E8D99D4D0CA8}.Release|Any CPU.ActiveCfg = Release|Any CPU
		{5BDE91DD-F5A1-4252-A931-E8D99D4D0CA8}.Release|Any CPU.Build.0 = Release|Any CPU
		{ADFBB439-334C-4E54-BDCE-925012FD20A7}.Debug|Any CPU.ActiveCfg = Debug|Any CPU
		{ADFBB439-334C-4E54-BDCE-925012FD20A7}.Debug|Any CPU.Build.0 = Debug|Any CPU
		{ADFBB439-334C-4E54-BDCE-925012FD20A7}.Release|Any CPU.ActiveCfg = Release|Any CPU
		{ADFBB439-334C-4E54-BDCE-925012FD20A7}.Release|Any CPU.Build.0 = Release|Any CPU
	EndGlobalSection
	GlobalSection(SolutionProperties) = preSolution
		HideSolutionNode = FALSE
	EndGlobalSection
	GlobalSection(NestedProjects) = preSolution
		{B0CC6D91-4465-4830-9360-E939DCBF7276} = {C727630F-87F1-47DC-A0BC-F778DD3964DF}
		{7FA2B37F-30B5-4221-AE6E-72AB7E1B0EB3} = {B778CC52-4F3F-40C0-B74F-09EE98F96A2B}
		{F230AFC5-5586-47CE-ACFD-AFEE8B6196EC} = {0A7D3C24-29DB-464C-8961-234AC7C56125}
		{C54AAF5D-B3EC-4269-8BC7-713279EE2B60} = {0FDDE1B0-2F88-4C95-AF0C-CD250174DF43}
		{5BDE91DD-F5A1-4252-A931-E8D99D4D0CA8} = {A08EFF68-0453-4925-B802-1B53922596D2}
		{ADFBB439-334C-4E54-BDCE-925012FD20A7} = {5C844057-750D-58EF-7516-A890DBEA9507}
	EndGlobalSection
	GlobalSection(ExtensibilityGlobals) = postSolution
		SolutionGuid = {1ACD4CAA-8CE5-4186-BA4E-3E44695B834C}
	EndGlobalSection
EndGlobal