Microsoft Visual Studio Solution File, Format Version 12.00
# Visual Studio Version 17
VisualStudioVersion = 17.5.2.0
MinimumVisualStudioVersion = 10.0.40219.1
Project("{FAE04EC0-301F-11D3-BF4B-00C04F79EFBC}") = "curso", "curso.csproj", "{31E94E70-7A2C-B937-1FA0-D31C8AC3D717}"
EndProject
Project("{2150E333-8FDC-42A3-9474-1A3956D46DE8}") = "dia-03-07", "dia-03-07", "{182B0D9C-CE6B-5208-F8A2-3569D903A46B}"
	ProjectSection(SolutionItems) = preProject
		03-07.cs = 03-07.cs
	EndProjectSection
EndProject
Global
	GlobalSection(SolutionConfigurationPlatforms) = preSolution
		Debug|Any CPU = Debug|Any CPU
		Release|Any CPU = Release|Any CPU
	EndGlobalSection
	GlobalSection(ProjectConfigurationPlatforms) = postSolution
		{31E94E70-7A2C-B937-1FA0-D31C8AC3D717}.Debug|Any CPU.ActiveCfg = Debug|Any CPU
		{31E94E70-7A2C-B937-1FA0-D31C8AC3D717}.Debug|Any CPU.Build.0 = Debug|Any CPU
		{31E94E70-7A2C-B937-1FA0-D31C8AC3D717}.Release|Any CPU.ActiveCfg = Release|Any CPU
		{31E94E70-7A2C-B937-1FA0-D31C8AC3D717}.Release|Any CPU.Build.0 = Release|Any CPU
	EndGlobalSection
	GlobalSection(SolutionProperties) = preSolution
		HideSolutionNode = FALSE
	EndGlobalSection
	GlobalSection(ExtensibilityGlobals) = postSolution
		SolutionGuid = {79ECA14A-A937-4415-9D22-00D09D819F8A}
	EndGlobalSection
EndGlobal
